
Microsoft Visual Studio Solution File, Format Version 12.00
# Visual Studio Version 16
VisualStudioVersion = 16.0.31702.278
MinimumVisualStudioVersion = 10.0.40219.1
Project("{FAE04EC0-301F-11D3-BF4B-00C04F79EFBC}") = "foreach_diziler", "foreach_diziler.csproj", "{20502876-5C73-4025-8290-BDE8242EAE61}"
EndProject
Global
	GlobalSection(SolutionConfigurationPlatforms) = preSolution
		Debug|Any CPU = Debug|Any CPU
		Release|Any CPU = Release|Any CPU
	EndGlobalSection
	GlobalSection(ProjectConfigurationPlatforms) = postSolution
		{20502876-5C73-4025-8290-BDE8242EAE61}.Debug|Any CPU.ActiveCfg = Debug|Any CPU
		{20502876-5C73-4025-8290-BDE8242EAE61}.Debug|Any CPU.Build.0 = Debug|Any CPU
		{20502876-5C73-4025-8290-BDE8242EAE61}.Release|Any CPU.ActiveCfg = Release|Any CPU
		{20502876-5C73-4025-8290-BDE8242EAE61}.Release|Any CPU.Build.0 = Release|Any CPU
	EndGlobalSection
	GlobalSection(SolutionProperties) = preSolution
		HideSolutionNode = FALSE
	EndGlobalSection
	GlobalSection(ExtensibilityGlobals) = postSolution
		SolutionGuid = {A0C1AA2C-51BC-4DCD-876F-B417C4BCC92E}
	EndGlobalSection
EndGlobal
